
Microsoft Visual Studio Solution File, Format Version 12.00
Project("{FAE04EC0-301F-11D3-BF4B-00C04F79EFBC}") = "azure-starter", "azure-starter\azure-starter.csproj", "{AA6DB28C-76A4-43DE-AC58-23BE05BD1D85}"
EndProject
Project("{FAE04EC0-301F-11D3-BF4B-00C04F79EFBC}") = "azure-starter-test", "azure-starter-test\azure-starter-test.csproj", "{C72D9876-E7F5-437D-94B3-50CD27B54443}"
EndProject
Global
	GlobalSection(SolutionConfigurationPlatforms) = preSolution
		Debug|Any CPU = Debug|Any CPU
		Release|Any CPU = Release|Any CPU
	EndGlobalSection
	GlobalSection(ProjectConfigurationPlatforms) = postSolution
		{AA6DB28C-76A4-43DE-AC58-23BE05BD1D85}.Debug|Any CPU.ActiveCfg = Debug|Any CPU
		{AA6DB28C-76A4-43DE-AC58-23BE05BD1D85}.Debug|Any CPU.Build.0 = Debug|Any CPU
		{AA6DB28C-76A4-43DE-AC58-23BE05BD1D85}.Release|Any CPU.ActiveCfg = Release|Any CPU
		{AA6DB28C-76A4-43DE-AC58-23BE05BD1D85}.Release|Any CPU.Build.0 = Release|Any CPU
		{C72D9876-E7F5-437D-94B3-50CD27B54443}.Debug|Any CPU.ActiveCfg = Debug|Any CPU
		{C72D9876-E7F5-437D-94B3-50CD27B54443}.Debug|Any CPU.Build.0 = Debug|Any CPU
		{C72D9876-E7F5-437D-94B3-50CD27B54443}.Release|Any CPU.ActiveCfg = Release|Any CPU
		{C72D9876-E7F5-437D-94B3-50CD27B54443}.Release|Any CPU.Build.0 = Release|Any CPU
	EndGlobalSection
EndGlobal
